
Microsoft Visual Studio Solution File, Format Version 12.00
# Visual Studio Version 17
VisualStudioVersion = 17.3.32922.545
MinimumVisualStudioVersion = 10.0.40219.1
Project("{FAE04EC0-301F-11D3-BF4B-00C04F79EFBC}") = "ShoppingCart", "ShoppingCart\ShoppingCart.csproj", "{4D056E5D-FB7C-42C8-A730-42266E353DEB}"
EndProject
Global
	GlobalSection(SolutionConfigurationPlatforms) = preSolution
		Debug|Any CPU = Debug|Any CPU
		Release|Any CPU = Release|Any CPU
	EndGlobalSection
	GlobalSection(ProjectConfigurationPlatforms) = postSolution
		{4D056E5D-FB7C-42C8-A730-42266E353DEB}.Debug|Any CPU.ActiveCfg = Debug|Any CPU
		{4D056E5D-FB7C-42C8-A730-42266E353DEB}.Debug|Any CPU.Build.0 = Debug|Any CPU
		{4D056E5D-FB7C-42C8-A730-42266E353DEB}.Release|Any CPU.ActiveCfg = Release|Any CPU
		{4D056E5D-FB7C-42C8-A730-42266E353DEB}.Release|Any CPU.Build.0 = Release|Any CPU
	EndGlobalSection
	GlobalSection(SolutionProperties) = preSolution
		HideSolutionNode = FALSE
	EndGlobalSection
	GlobalSection(ExtensibilityGlobals) = postSolution
		SolutionGuid = {8AB8EC22-155B-4E88-AE86-B3290C89807A}
	EndGlobalSection
EndGlobal
